// !$*UTF8*$!
{
	archiveVersion = 1;
	classes = {
	};
	objectVersion = 46;
	objects = {

/* Begin PBXBuildFile section */
		70D124121A9C217100FC9E1C /* SwiftAddressBookTests.swift in Sources */ = {isa = PBXBuildFile; fileRef = 70D124111A9C217100FC9E1C /* SwiftAddressBookTests.swift */; };
		8550DDB31A892055009B86D8 /* AppDelegate.swift in Sources */ = {isa = PBXBuildFile; fileRef = 8550DDB21A892055009B86D8 /* AppDelegate.swift */; };
		8550DDB81A892055009B86D8 /* Main.storyboard in Resources */ = {isa = PBXBuildFile; fileRef = 8550DDB61A892055009B86D8 /* Main.storyboard */; };
		8550DDBA1A892055009B86D8 /* Images.xcassets in Resources */ = {isa = PBXBuildFile; fileRef = 8550DDB91A892055009B86D8 /* Images.xcassets */; };
		8550DDBD1A892055009B86D8 /* LaunchScreen.xib in Resources */ = {isa = PBXBuildFile; fileRef = 8550DDBB1A892055009B86D8 /* LaunchScreen.xib */; };
		85C301841ABDB1180026214B /* SwiftAddressBookPersonTests.swift in Sources */ = {isa = PBXBuildFile; fileRef = 85C301831ABDB1180026214B /* SwiftAddressBookPersonTests.swift */; };
		85C301871ABDB13E0026214B /* SwiftAddressBookGroupTests.swift in Sources */ = {isa = PBXBuildFile; fileRef = 85C301851ABDB13E0026214B /* SwiftAddressBookGroupTests.swift */; };
		85C301881ABDB13E0026214B /* SwiftAddressBookSourceTests.swift in Sources */ = {isa = PBXBuildFile; fileRef = 85C301861ABDB13E0026214B /* SwiftAddressBookSourceTests.swift */; };
		85DA60151A8FC05400EC0EC6 /* AddressViewCell.swift in Sources */ = {isa = PBXBuildFile; fileRef = 85DA60131A8FC05400EC0EC6 /* AddressViewCell.swift */; };
		85DA60161A8FC05400EC0EC6 /* TableViewController.swift in Sources */ = {isa = PBXBuildFile; fileRef = 85DA60141A8FC05400EC0EC6 /* TableViewController.swift */; };
		9B79B9C695233504B5DB01A2 /* Pods_SwiftAddressBookTests.framework in Frameworks */ = {isa = PBXBuildFile; fileRef = 3133E1A1D3DAED0F67245F6C /* Pods_SwiftAddressBookTests.framework */; };
		B28CD3CCE6C799C88D7A4984 /* Pods_SwiftAddressBookExample.framework in Frameworks */ = {isa = PBXBuildFile; fileRef = 59B47BEC9A79A8BE499AEAB8 /* Pods_SwiftAddressBookExample.framework */; };
/* End PBXBuildFile section */

/* Begin PBXContainerItemProxy section */
		70D124131A9C217100FC9E1C /* PBXContainerItemProxy */ = {
			isa = PBXContainerItemProxy;
			containerPortal = 8550DDA51A892055009B86D8 /* Project object */;
			proxyType = 1;
			remoteGlobalIDString = 8550DDAC1A892055009B86D8;
			remoteInfo = SwiftAddressBookExample;
		};
/* End PBXContainerItemProxy section */

/* Begin PBXFileReference section */
		3133E1A1D3DAED0F67245F6C /* Pods_SwiftAddressBookTests.framework */ = {isa = PBXFileReference; explicitFileType = wrapper.framework; includeInIndex = 0; path = Pods_SwiftAddressBookTests.framework; sourceTree = BUILT_PRODUCTS_DIR; };
		3EAA8E546CB99A8C93969982 /* Pods-SwiftAddressBookTests.debug.xcconfig */ = {isa = PBXFileReference; includeInIndex = 1; lastKnownFileType = text.xcconfig; name = "Pods-SwiftAddressBookTests.debug.xcconfig"; path = "Pods/Target Support Files/Pods-SwiftAddressBookTests/Pods-SwiftAddressBookTests.debug.xcconfig"; sourceTree = "<group>"; };
		59B47BEC9A79A8BE499AEAB8 /* Pods_SwiftAddressBookExample.framework */ = {isa = PBXFileReference; explicitFileType = wrapper.framework; includeInIndex = 0; path = Pods_SwiftAddressBookExample.framework; sourceTree = BUILT_PRODUCTS_DIR; };
		70D1240D1A9C217100FC9E1C /* SwiftAddressBookTests.xctest */ = {isa = PBXFileReference; explicitFileType = wrapper.cfbundle; includeInIndex = 0; path = SwiftAddressBookTests.xctest; sourceTree = BUILT_PRODUCTS_DIR; };
		70D124101A9C217100FC9E1C /* Info.plist */ = {isa = PBXFileReference; lastKnownFileType = text.plist.xml; path = Info.plist; sourceTree = "<group>"; };
		70D124111A9C217100FC9E1C /* SwiftAddressBookTests.swift */ = {isa = PBXFileReference; lastKnownFileType = sourcecode.swift; path = SwiftAddressBookTests.swift; sourceTree = "<group>"; };
		7D00E56CB8B326BD2EDABF77 /* Pods-SwiftAddressBookExample.release.xcconfig */ = {isa = PBXFileReference; includeInIndex = 1; lastKnownFileType = text.xcconfig; name = "Pods-SwiftAddressBookExample.release.xcconfig"; path = "Pods/Target Support Files/Pods-SwiftAddressBookExample/Pods-SwiftAddressBookExample.release.xcconfig"; sourceTree = "<group>"; };
		8550DDAD1A892055009B86D8 /* SwiftAddressBookExample.app */ = {isa = PBXFileReference; explicitFileType = wrapper.application; includeInIndex = 0; path = SwiftAddressBookExample.app; sourceTree = BUILT_PRODUCTS_DIR; };
		8550DDB11A892055009B86D8 /* Info.plist */ = {isa = PBXFileReference; lastKnownFileType = text.plist.xml; path = Info.plist; sourceTree = "<group>"; };
		8550DDB21A892055009B86D8 /* AppDelegate.swift */ = {isa = PBXFileReference; lastKnownFileType = sourcecode.swift; path = AppDelegate.swift; sourceTree = "<group>"; };
		8550DDB71A892055009B86D8 /* Base */ = {isa = PBXFileReference; lastKnownFileType = file.storyboard; name = Base; path = Base.lproj/Main.storyboard; sourceTree = "<group>"; };
		8550DDB91A892055009B86D8 /* Images.xcassets */ = {isa = PBXFileReference; lastKnownFileType = folder.assetcatalog; path = Images.xcassets; sourceTree = "<group>"; };
		8550DDBC1A892055009B86D8 /* Base */ = {isa = PBXFileReference; lastKnownFileType = file.xib; name = Base; path = Base.lproj/LaunchScreen.xib; sourceTree = "<group>"; };
		8550DDD21A8922B7009B86D8 /* SwiftAddressBookExample-Bridging-Header.h */ = {isa = PBXFileReference; lastKnownFileType = sourcecode.c.h; path = "SwiftAddressBookExample-Bridging-Header.h"; sourceTree = "<group>"; };
		85C301831ABDB1180026214B /* SwiftAddressBookPersonTests.swift */ = {isa = PBXFileReference; fileEncoding = 4; lastKnownFileType = sourcecode.swift; path = SwiftAddressBookPersonTests.swift; sourceTree = "<group>"; };
		85C301851ABDB13E0026214B /* SwiftAddressBookGroupTests.swift */ = {isa = PBXFileReference; fileEncoding = 4; lastKnownFileType = sourcecode.swift; path = SwiftAddressBookGroupTests.swift; sourceTree = "<group>"; };
		85C301861ABDB13E0026214B /* SwiftAddressBookSourceTests.swift */ = {isa = PBXFileReference; fileEncoding = 4; lastKnownFileType = sourcecode.swift; path = SwiftAddressBookSourceTests.swift; sourceTree = "<group>"; };
		85DA60131A8FC05400EC0EC6 /* AddressViewCell.swift */ = {isa = PBXFileReference; fileEncoding = 4; lastKnownFileType = sourcecode.swift; path = AddressViewCell.swift; sourceTree = "<group>"; };
		85DA60141A8FC05400EC0EC6 /* TableViewController.swift */ = {isa = PBXFileReference; fileEncoding = 4; lastKnownFileType = sourcecode.swift; path = TableViewController.swift; sourceTree = "<group>"; };
		D9105ADBB97DCA0464A0D0EC /* Pods-SwiftAddressBookExample.debug.xcconfig */ = {isa = PBXFileReference; includeInIndex = 1; lastKnownFileType = text.xcconfig; name = "Pods-SwiftAddressBookExample.debug.xcconfig"; path = "Pods/Target Support Files/Pods-SwiftAddressBookExample/Pods-SwiftAddressBookExample.debug.xcconfig"; sourceTree = "<group>"; };
		E61CDA1358F3B70376939D97 /* Pods-SwiftAddressBookTests.release.xcconfig */ = {isa = PBXFileReference; includeInIndex = 1; lastKnownFileType = text.xcconfig; name = "Pods-SwiftAddressBookTests.release.xcconfig"; path = "Pods/Target Support Files/Pods-SwiftAddressBookTests/Pods-SwiftAddressBookTests.release.xcconfig"; sourceTree = "<group>"; };
/* End PBXFileReference section */

/* Begin PBXFrameworksBuildPhase section */
		70D1240A1A9C217100FC9E1C /* Frameworks */ = {
			isa = PBXFrameworksBuildPhase;
			buildActionMask = 2147483647;
			files = (
				9B79B9C695233504B5DB01A2 /* Pods_SwiftAddressBookTests.framework in Frameworks */,
			);
			runOnlyForDeploymentPostprocessing = 0;
		};
		8550DDAA1A892055009B86D8 /* Frameworks */ = {
			isa = PBXFrameworksBuildPhase;
			buildActionMask = 2147483647;
			files = (
				B28CD3CCE6C799C88D7A4984 /* Pods_SwiftAddressBookExample.framework in Frameworks */,
			);
			runOnlyForDeploymentPostprocessing = 0;
		};
/* End PBXFrameworksBuildPhase section */

/* Begin PBXGroup section */
		0110C71819CC96F2532A2C5A /* Frameworks */ = {
			isa = PBXGroup;
			children = (
				59B47BEC9A79A8BE499AEAB8 /* Pods_SwiftAddressBookExample.framework */,
				3133E1A1D3DAED0F67245F6C /* Pods_SwiftAddressBookTests.framework */,
			);
			name = Frameworks;
			sourceTree = "<group>";
		};
		460278502507F3074C400C9E /* Pods */ = {
			isa = PBXGroup;
			children = (
				D9105ADBB97DCA0464A0D0EC /* Pods-SwiftAddressBookExample.debug.xcconfig */,
				7D00E56CB8B326BD2EDABF77 /* Pods-SwiftAddressBookExample.release.xcconfig */,
				3EAA8E546CB99A8C93969982 /* Pods-SwiftAddressBookTests.debug.xcconfig */,
				E61CDA1358F3B70376939D97 /* Pods-SwiftAddressBookTests.release.xcconfig */,
			);
			name = Pods;
			sourceTree = "<group>";
		};
		70D1240E1A9C217100FC9E1C /* SwiftAddressBookTests */ = {
			isa = PBXGroup;
			children = (
				70D124111A9C217100FC9E1C /* SwiftAddressBookTests.swift */,
				85C301851ABDB13E0026214B /* SwiftAddressBookGroupTests.swift */,
				85C301861ABDB13E0026214B /* SwiftAddressBookSourceTests.swift */,
				85C301831ABDB1180026214B /* SwiftAddressBookPersonTests.swift */,
				70D1240F1A9C217100FC9E1C /* Supporting Files */,
			);
			path = SwiftAddressBookTests;
			sourceTree = "<group>";
		};
		70D1240F1A9C217100FC9E1C /* Supporting Files */ = {
			isa = PBXGroup;
			children = (
				70D124101A9C217100FC9E1C /* Info.plist */,
			);
			name = "Supporting Files";
			sourceTree = "<group>";
		};
		8550DDA41A892055009B86D8 = {
			isa = PBXGroup;
			children = (
				8550DDAF1A892055009B86D8 /* SwiftAddressBookExample */,
				70D1240E1A9C217100FC9E1C /* SwiftAddressBookTests */,
				8550DDAE1A892055009B86D8 /* Products */,
				460278502507F3074C400C9E /* Pods */,
				0110C71819CC96F2532A2C5A /* Frameworks */,
			);
			sourceTree = "<group>";
		};
		8550DDAE1A892055009B86D8 /* Products */ = {
			isa = PBXGroup;
			children = (
				8550DDAD1A892055009B86D8 /* SwiftAddressBookExample.app */,
				70D1240D1A9C217100FC9E1C /* SwiftAddressBookTests.xctest */,
			);
			name = Products;
			sourceTree = "<group>";
		};
		8550DDAF1A892055009B86D8 /* SwiftAddressBookExample */ = {
			isa = PBXGroup;
			children = (
				8550DDB21A892055009B86D8 /* AppDelegate.swift */,
				85DA60131A8FC05400EC0EC6 /* AddressViewCell.swift */,
				85DA60141A8FC05400EC0EC6 /* TableViewController.swift */,
				8550DDB61A892055009B86D8 /* Main.storyboard */,
				8550DDB91A892055009B86D8 /* Images.xcassets */,
				8550DDBB1A892055009B86D8 /* LaunchScreen.xib */,
				8550DDB01A892055009B86D8 /* Supporting Files */,
				8550DDD21A8922B7009B86D8 /* SwiftAddressBookExample-Bridging-Header.h */,
			);
			path = SwiftAddressBookExample;
			sourceTree = "<group>";
		};
		8550DDB01A892055009B86D8 /* Supporting Files */ = {
			isa = PBXGroup;
			children = (
				8550DDB11A892055009B86D8 /* Info.plist */,
			);
			name = "Supporting Files";
			sourceTree = "<group>";
		};
/* End PBXGroup section */

/* Begin PBXNativeTarget section */
		70D1240C1A9C217100FC9E1C /* SwiftAddressBookTests */ = {
			isa = PBXNativeTarget;
			buildConfigurationList = 70D124151A9C217100FC9E1C /* Build configuration list for PBXNativeTarget "SwiftAddressBookTests" */;
			buildPhases = (
				811A2F4CF324EF923EB6CC2F /* 📦 Check Pods Manifest.lock */,
				70D124091A9C217100FC9E1C /* Sources */,
				70D1240A1A9C217100FC9E1C /* Frameworks */,
				70D1240B1A9C217100FC9E1C /* Resources */,
				06C66151B204EB6021EDF97C /* 📦 Embed Pods Frameworks */,
				0D964A1480AD4627D6F8A794 /* 📦 Copy Pods Resources */,
			);
			buildRules = (
			);
			dependencies = (
				70D124141A9C217100FC9E1C /* PBXTargetDependency */,
			);
			name = SwiftAddressBookTests;
			productName = SwiftAddressBookTests;
			productReference = 70D1240D1A9C217100FC9E1C /* SwiftAddressBookTests.xctest */;
			productType = "com.apple.product-type.bundle.unit-test";
		};
		8550DDAC1A892055009B86D8 /* SwiftAddressBookExample */ = {
			isa = PBXNativeTarget;
			buildConfigurationList = 8550DDCC1A892055009B86D8 /* Build configuration list for PBXNativeTarget "SwiftAddressBookExample" */;
			buildPhases = (
				CE1033B9B16E497813370351 /* 📦 Check Pods Manifest.lock */,
				8550DDA91A892055009B86D8 /* Sources */,
				8550DDAA1A892055009B86D8 /* Frameworks */,
				8550DDAB1A892055009B86D8 /* Resources */,
				6E79ACE9512CDB82890F1B97 /* 📦 Embed Pods Frameworks */,
				9761DDC48E0439939B842612 /* 📦 Copy Pods Resources */,
			);
			buildRules = (
			);
			dependencies = (
			);
			name = SwiftAddressBookExample;
			productName = SwiftAddressBookExample;
			productReference = 8550DDAD1A892055009B86D8 /* SwiftAddressBookExample.app */;
			productType = "com.apple.product-type.application";
		};
/* End PBXNativeTarget section */

/* Begin PBXProject section */
		8550DDA51A892055009B86D8 /* Project object */ = {
			isa = PBXProject;
			attributes = {
				LastUpgradeCheck = 0700;
				ORGANIZATIONNAME = socialbit;
				TargetAttributes = {
					70D1240C1A9C217100FC9E1C = {
						CreatedOnToolsVersion = 6.1.1;
						TestTargetID = 8550DDAC1A892055009B86D8;
					};
					8550DDAC1A892055009B86D8 = {
						CreatedOnToolsVersion = 6.1.1;
					};
				};
			};
			buildConfigurationList = 8550DDA81A892055009B86D8 /* Build configuration list for PBXProject "SwiftAddressBookExample" */;
			compatibilityVersion = "Xcode 3.2";
			developmentRegion = English;
			hasScannedForEncodings = 0;
			knownRegions = (
				en,
				Base,
			);
			mainGroup = 8550DDA41A892055009B86D8;
			productRefGroup = 8550DDAE1A892055009B86D8 /* Products */;
			projectDirPath = "";
			projectRoot = "";
			targets = (
				8550DDAC1A892055009B86D8 /* SwiftAddressBookExample */,
				70D1240C1A9C217100FC9E1C /* SwiftAddressBookTests */,
			);
		};
/* End PBXProject section */

/* Begin PBXResourcesBuildPhase section */
		70D1240B1A9C217100FC9E1C /* Resources */ = {
			isa = PBXResourcesBuildPhase;
			buildActionMask = 2147483647;
			files = (
			);
			runOnlyForDeploymentPostprocessing = 0;
		};
		8550DDAB1A892055009B86D8 /* Resources */ = {
			isa = PBXResourcesBuildPhase;
			buildActionMask = 2147483647;
			files = (
				8550DDB81A892055009B86D8 /* Main.storyboard in Resources */,
				8550DDBD1A892055009B86D8 /* LaunchScreen.xib in Resources */,
				8550DDBA1A892055009B86D8 /* Images.xcassets in Resources */,
			);
			runOnlyForDeploymentPostprocessing = 0;
		};
/* End PBXResourcesBuildPhase section */

/* Begin PBXShellScriptBuildPhase section */
		06C66151B204EB6021EDF97C /* 📦 Embed Pods Frameworks */ = {
			isa = PBXShellScriptBuildPhase;
			buildActionMask = 2147483647;
			files = (
			);
			inputPaths = (
			);
			name = "📦 Embed Pods Frameworks";
			outputPaths = (
			);
			runOnlyForDeploymentPostprocessing = 0;
			shellPath = /bin/sh;
			shellScript = "\"${SRCROOT}/Pods/Target Support Files/Pods-SwiftAddressBookTests/Pods-SwiftAddressBookTests-frameworks.sh\"\n";
			showEnvVarsInLog = 0;
		};
		0D964A1480AD4627D6F8A794 /* 📦 Copy Pods Resources */ = {
			isa = PBXShellScriptBuildPhase;
			buildActionMask = 2147483647;
			files = (
			);
			inputPaths = (
			);
			name = "📦 Copy Pods Resources";
			outputPaths = (
			);
			runOnlyForDeploymentPostprocessing = 0;
			shellPath = /bin/sh;
			shellScript = "\"${SRCROOT}/Pods/Target Support Files/Pods-SwiftAddressBookTests/Pods-SwiftAddressBookTests-resources.sh\"\n";
			showEnvVarsInLog = 0;
		};
		6E79ACE9512CDB82890F1B97 /* 📦 Embed Pods Frameworks */ = {
			isa = PBXShellScriptBuildPhase;
			buildActionMask = 2147483647;
			files = (
			);
			inputPaths = (
			);
			name = "📦 Embed Pods Frameworks";
			outputPaths = (
			);
			runOnlyForDeploymentPostprocessing = 0;
			shellPath = /bin/sh;
			shellScript = "\"${SRCROOT}/Pods/Target Support Files/Pods-SwiftAddressBookExample/Pods-SwiftAddressBookExample-frameworks.sh\"\n";
			showEnvVarsInLog = 0;
		};
		811A2F4CF324EF923EB6CC2F /* 📦 Check Pods Manifest.lock */ = {
			isa = PBXShellScriptBuildPhase;
			buildActionMask = 2147483647;
			files = (
			);
			inputPaths = (
			);
			name = "📦 Check Pods Manifest.lock";
			outputPaths = (
			);
			runOnlyForDeploymentPostprocessing = 0;
			shellPath = /bin/sh;
			shellScript = "diff \"${PODS_ROOT}/../Podfile.lock\" \"${PODS_ROOT}/Manifest.lock\" > /dev/null\nif [[ $? != 0 ]] ; then\n    cat << EOM\nerror: The sandbox is not in sync with the Podfile.lock. Run 'pod install' or update your CocoaPods installation.\nEOM\n    exit 1\nfi\n";
			showEnvVarsInLog = 0;
		};
		9761DDC48E0439939B842612 /* 📦 Copy Pods Resources */ = {
			isa = PBXShellScriptBuildPhase;
			buildActionMask = 2147483647;
			files = (
			);
			inputPaths = (
			);
			name = "📦 Copy Pods Resources";
			outputPaths = (
			);
			runOnlyForDeploymentPostprocessing = 0;
			shellPath = /bin/sh;
			shellScript = "\"${SRCROOT}/Pods/Target Support Files/Pods-SwiftAddressBookExample/Pods-SwiftAddressBookExample-resources.sh\"\n";
			showEnvVarsInLog = 0;
		};
		CE1033B9B16E497813370351 /* 📦 Check Pods Manifest.lock */ = {
			isa = PBXShellScriptBuildPhase;
			buildActionMask = 2147483647;
			files = (
			);
			inputPaths = (
			);
			name = "📦 Check Pods Manifest.lock";
			outputPaths = (
			);
			runOnlyForDeploymentPostprocessing = 0;
			shellPath = /bin/sh;
			shellScript = "diff \"${PODS_ROOT}/../Podfile.lock\" \"${PODS_ROOT}/Manifest.lock\" > /dev/null\nif [[ $? != 0 ]] ; then\n    cat << EOM\nerror: The sandbox is not in sync with the Podfile.lock. Run 'pod install' or update your CocoaPods installation.\nEOM\n    exit 1\nfi\n";
			showEnvVarsInLog = 0;
		};
/* End PBXShellScriptBuildPhase section */

/* Begin PBXSourcesBuildPhase section */
		70D124091A9C217100FC9E1C /* Sources */ = {
			isa = PBXSourcesBuildPhase;
			buildActionMask = 2147483647;
			files = (
				85C301841ABDB1180026214B /* SwiftAddressBookPersonTests.swift in Sources */,
				85C301871ABDB13E0026214B /* SwiftAddressBookGroupTests.swift in Sources */,
				85C301881ABDB13E0026214B /* SwiftAddressBookSourceTests.swift in Sources */,
				70D124121A9C217100FC9E1C /* SwiftAddressBookTests.swift in Sources */,
			);
			runOnlyForDeploymentPostprocessing = 0;
		};
		8550DDA91A892055009B86D8 /* Sources */ = {
			isa = PBXSourcesBuildPhase;
			buildActionMask = 2147483647;
			files = (
				85DA60151A8FC05400EC0EC6 /* AddressViewCell.swift in Sources */,
				8550DDB31A892055009B86D8 /* AppDelegate.swift in Sources */,
				85DA60161A8FC05400EC0EC6 /* TableViewController.swift in Sources */,
			);
			runOnlyForDeploymentPostprocessing = 0;
		};
/* End PBXSourcesBuildPhase section */

/* Begin PBXTargetDependency section */
		70D124141A9C217100FC9E1C /* PBXTargetDependency */ = {
			isa = PBXTargetDependency;
			target = 8550DDAC1A892055009B86D8 /* SwiftAddressBookExample */;
			targetProxy = 70D124131A9C217100FC9E1C /* PBXContainerItemProxy */;
		};
/* End PBXTargetDependency section */

/* Begin PBXVariantGroup section */
		8550DDB61A892055009B86D8 /* Main.storyboard */ = {
			isa = PBXVariantGroup;
			children = (
				8550DDB71A892055009B86D8 /* Base */,
			);
			name = Main.storyboard;
			sourceTree = "<group>";
		};
		8550DDBB1A892055009B86D8 /* LaunchScreen.xib */ = {
			isa = PBXVariantGroup;
			children = (
				8550DDBC1A892055009B86D8 /* Base */,
			);
			name = LaunchScreen.xib;
			sourceTree = "<group>";
		};
/* End PBXVariantGroup section */

/* Begin XCBuildConfiguration section */
		70D124161A9C217100FC9E1C /* Debug */ = {
			isa = XCBuildConfiguration;
			baseConfigurationReference = 3EAA8E546CB99A8C93969982 /* Pods-SwiftAddressBookTests.debug.xcconfig */;
			buildSettings = {
				BUNDLE_LOADER = "$(TEST_HOST)";
				FRAMEWORK_SEARCH_PATHS = "$(inherited)";
				GCC_PREPROCESSOR_DEFINITIONS = (
					"DEBUG=1",
					"$(inherited)",
				);
				INFOPLIST_FILE = SwiftAddressBookTests/Info.plist;
				LD_RUNPATH_SEARCH_PATHS = "$(inherited) @executable_path/Frameworks @loader_path/Frameworks";
				PRODUCT_BUNDLE_IDENTIFIER = "de.socialbit.$(PRODUCT_NAME:rfc1034identifier)";
				PRODUCT_NAME = "$(TARGET_NAME)";
				TEST_HOST = "$(BUILT_PRODUCTS_DIR)/SwiftAddressBookExample.app/SwiftAddressBookExample";
			};
			name = Debug;
		};
		70D124171A9C217100FC9E1C /* Release */ = {
			isa = XCBuildConfiguration;
			baseConfigurationReference = E61CDA1358F3B70376939D97 /* Pods-SwiftAddressBookTests.release.xcconfig */;
			buildSettings = {
				BUNDLE_LOADER = "$(TEST_HOST)";
				FRAMEWORK_SEARCH_PATHS = "$(inherited)";
				INFOPLIST_FILE = SwiftAddressBookTests/Info.plist;
				LD_RUNPATH_SEARCH_PATHS = "$(inherited) @executable_path/Frameworks @loader_path/Frameworks";
				PRODUCT_BUNDLE_IDENTIFIER = "de.socialbit.$(PRODUCT_NAME:rfc1034identifier)";
				PRODUCT_NAME = "$(TARGET_NAME)";
				TEST_HOST = "$(BUILT_PRODUCTS_DIR)/SwiftAddressBookExample.app/SwiftAddressBookExample";
			};
			name = Release;
		};
		8550DDCA1A892055009B86D8 /* Debug */ = {
			isa = XCBuildConfiguration;
			buildSettings = {
				ALWAYS_SEARCH_USER_PATHS = NO;
				CLANG_CXX_LANGUAGE_STANDARD = "gnu++0x";
				CLANG_CXX_LIBRARY = "libc++";
				CLANG_ENABLE_MODULES = YES;
				CLANG_ENABLE_OBJC_ARC = YES;
				CLANG_WARN_BOOL_CONVERSION = YES;
				CLANG_WARN_CONSTANT_CONVERSION = YES;
				CLANG_WARN_DIRECT_OBJC_ISA_USAGE = YES_ERROR;
				CLANG_WARN_EMPTY_BODY = YES;
				CLANG_WARN_ENUM_CONVERSION = YES;
				CLANG_WARN_INT_CONVERSION = YES;
				CLANG_WARN_OBJC_ROOT_CLASS = YES_ERROR;
				CLANG_WARN_UNREACHABLE_CODE = YES;
				CLANG_WARN__DUPLICATE_METHOD_MATCH = YES;
				"CODE_SIGN_IDENTITY[sdk=iphoneos*]" = "iPhone Developer";
				COPY_PHASE_STRIP = NO;
				ENABLE_STRICT_OBJC_MSGSEND = YES;
				ENABLE_TESTABILITY = YES;
				FRAMEWORK_SEARCH_PATHS = "";
				GCC_C_LANGUAGE_STANDARD = gnu99;
				GCC_DYNAMIC_NO_PIC = NO;
				GCC_OPTIMIZATION_LEVEL = 0;
				GCC_PREPROCESSOR_DEFINITIONS = (
					"DEBUG=1",
					"$(inherited)",
				);
				GCC_SYMBOLS_PRIVATE_EXTERN = NO;
				GCC_WARN_64_TO_32_BIT_CONVERSION = YES;
				GCC_WARN_ABOUT_RETURN_TYPE = YES_ERROR;
				GCC_WARN_UNDECLARED_SELECTOR = YES;
				GCC_WARN_UNINITIALIZED_AUTOS = YES_AGGRESSIVE;
				GCC_WARN_UNUSED_FUNCTION = YES;
				GCC_WARN_UNUSED_VARIABLE = YES;
				IPHONEOS_DEPLOYMENT_TARGET = 8.1;
				MTL_ENABLE_DEBUG_INFO = YES;
				ONLY_ACTIVE_ARCH = YES;
				SDKROOT = iphoneos;
				SWIFT_OPTIMIZATION_LEVEL = "-Onone";
				TARGETED_DEVICE_FAMILY = "1,2";
			};
			name = Debug;
		};
		8550DDCB1A892055009B86D8 /* Release */ = {
			isa = XCBuildConfiguration;
			buildSettings = {
				ALWAYS_SEARCH_USER_PATHS = NO;
				CLANG_CXX_LANGUAGE_STANDARD = "gnu++0x";
				CLANG_CXX_LIBRARY = "libc++";
				CLANG_ENABLE_MODULES = YES;
				CLANG_ENABLE_OBJC_ARC = YES;
				CLANG_WARN_BOOL_CONVERSION = YES;
				CLANG_WARN_CONSTANT_CONVERSION = YES;
				CLANG_WARN_DIRECT_OBJC_ISA_USAGE = YES_ERROR;
				CLANG_WARN_EMPTY_BODY = YES;
				CLANG_WARN_ENUM_CONVERSION = YES;
				CLANG_WARN_INT_CONVERSION = YES;
				CLANG_WARN_OBJC_ROOT_CLASS = YES_ERROR;
				CLANG_WARN_UNREACHABLE_CODE = YES;
				CLANG_WARN__DUPLICATE_METHOD_MATCH = YES;
				"CODE_SIGN_IDENTITY[sdk=iphoneos*]" = "iPhone Developer";
				COPY_PHASE_STRIP = YES;
				ENABLE_NS_ASSERTIONS = NO;
				ENABLE_STRICT_OBJC_MSGSEND = YES;
				FRAMEWORK_SEARCH_PATHS = "";
				GCC_C_LANGUAGE_STANDARD = gnu99;
				GCC_WARN_64_TO_32_BIT_CONVERSION = YES;
				GCC_WARN_ABOUT_RETURN_TYPE = YES_ERROR;
				GCC_WARN_UNDECLARED_SELECTOR = YES;
				GCC_WARN_UNINITIALIZED_AUTOS = YES_AGGRESSIVE;
				GCC_WARN_UNUSED_FUNCTION = YES;
				GCC_WARN_UNUSED_VARIABLE = YES;
				IPHONEOS_DEPLOYMENT_TARGET = 8.1;
				MTL_ENABLE_DEBUG_INFO = NO;
				SDKROOT = iphoneos;
				TARGETED_DEVICE_FAMILY = "1,2";
				VALIDATE_PRODUCT = YES;
			};
			name = Release;
		};
		8550DDCD1A892055009B86D8 /* Debug */ = {
			isa = XCBuildConfiguration;
			baseConfigurationReference = D9105ADBB97DCA0464A0D0EC /* Pods-SwiftAddressBookExample.debug.xcconfig */;
			buildSettings = {
				ASSETCATALOG_COMPILER_APPICON_NAME = AppIcon;
				CLANG_ENABLE_MODULES = YES;
				FRAMEWORK_SEARCH_PATHS = "$(inherited)";
				INFOPLIST_FILE = SwiftAddressBookExample/Info.plist;
				LD_RUNPATH_SEARCH_PATHS = "$(inherited) @executable_path/Frameworks";
				PRODUCT_BUNDLE_IDENTIFIER = "de.socialbit.$(PRODUCT_NAME:rfc1034identifier)";
				PRODUCT_NAME = "$(TARGET_NAME)";
				SWIFT_OBJC_BRIDGING_HEADER = "SwiftAddressBookExample/SwiftAddressBookExample-Bridging-Header.h";
				SWIFT_OPTIMIZATION_LEVEL = "-Onone";
			};
			name = Debug;
		};
		8550DDCE1A892055009B86D8 /* Release */ = {
			isa = XCBuildConfiguration;
			baseConfigurationReference = 7D00E56CB8B326BD2EDABF77 /* Pods-SwiftAddressBookExample.release.xcconfig */;
			buildSettings = {
				ASSETCATALOG_COMPILER_APPICON_NAME = AppIcon;
				CLANG_ENABLE_MODULES = YES;
				FRAMEWORK_SEARCH_PATHS = "$(inherited)";
				INFOPLIST_FILE = SwiftAddressBookExample/Info.plist;
				LD_RUNPATH_SEARCH_PATHS = "$(inherited) @executable_path/Frameworks";
				PRODUCT_BUNDLE_IDENTIFIER = "de.socialbit.$(PRODUCT_NAME:rfc1034identifier)";
				PRODUCT_NAME = "$(TARGET_NAME)";
				SWIFT_OBJC_BRIDGING_HEADER = "SwiftAddressBookExample/SwiftAddressBookExample-Bridging-Header.h";
				SWIFT_OPTIMIZATION_LEVEL = "-Onone";
			};
			name = Release;
		};
/* End XCBuildConfiguration section */

/* Begin XCConfigurationList section */
		70D124151A9C217100FC9E1C /* Build configuration list for PBXNativeTarget "SwiftAddressBookTests" */ = {
			isa = XCConfigurationList;
			buildConfigurations = (
				70D124161A9C217100FC9E1C /* Debug */,
				70D124171A9C217100FC9E1C /* Release */,
			);
			defaultConfigurationIsVisible = 0;
			defaultConfigurationName = Release;
		};
		8550DDA81A892055009B86D8 /* Build configuration list for PBXProject "SwiftAddressBookExample" */ = {
			isa = XCConfigurationList;
			buildConfigurations = (
				8550DDCA1A892055009B86D8 /* Debug */,
				8550DDCB1A892055009B86D8 /* Release */,
			);
			defaultConfigurationIsVisible = 0;
			defaultConfigurationName = Release;
		};
		8550DDCC1A892055009B86D8 /* Build configuration list for PBXNativeTarget "SwiftAddressBookExample" */ = {
			isa = XCConfigurationList;
			buildConfigurations = (
				8550DDCD1A892055009B86D8 /* Debug */,
				8550DDCE1A892055009B86D8 /* Release */,
			);
			defaultConfigurationIsVisible = 0;
			defaultConfigurationName = Release;
		};
/* End XCConfigurationList section */
	};
	rootObject = 8550DDA51A892055009B86D8 /* Project object */;
}
